// !$*UTF8*$!
{
	archiveVersion = 1;
	classes = {
	};
	objectVersion = 46;
	objects = {

/* Begin PBXBuildFile section */
		F91307221D0F45EF0092E712 /* ContactsMenuController.swift in Sources */ = {isa = PBXBuildFile; fileRef = F91307201D0F45EF0092E712 /* ContactsMenuController.swift */; };
		F91307231D0F45EF0092E712 /* ContactsMenuController.xib in Resources */ = {isa = PBXBuildFile; fileRef = F91307211D0F45EF0092E712 /* ContactsMenuController.xib */; };
		F91307261D0F510B0092E712 /* ContactViewCell.swift in Sources */ = {isa = PBXBuildFile; fileRef = F91307241D0F510B0092E712 /* ContactViewCell.swift */; };
		F91307271D0F510B0092E712 /* ContactViewCell.xib in Resources */ = {isa = PBXBuildFile; fileRef = F91307251D0F510B0092E712 /* ContactViewCell.xib */; };
		F98C6A811D0F2C62007FC14B /* AppDelegate.swift in Sources */ = {isa = PBXBuildFile; fileRef = F98C6A801D0F2C62007FC14B /* AppDelegate.swift */; };
		F98C6A891D0F2C62007FC14B /* Contacts.xcdatamodeld in Sources */ = {isa = PBXBuildFile; fileRef = F98C6A871D0F2C62007FC14B /* Contacts.xcdatamodeld */; };
		F98C6A8B1D0F2C62007FC14B /* Assets.xcassets in Resources */ = {isa = PBXBuildFile; fileRef = F98C6A8A1D0F2C62007FC14B /* Assets.xcassets */; };
		F98C6A991D0F2C62007FC14B /* ContactsTests.swift in Sources */ = {isa = PBXBuildFile; fileRef = F98C6A981D0F2C62007FC14B /* ContactsTests.swift */; };
		F98C6AA41D0F2C63007FC14B /* ContactsUITests.swift in Sources */ = {isa = PBXBuildFile; fileRef = F98C6AA31D0F2C63007FC14B /* ContactsUITests.swift */; };
		F98C6AB91D0F3096007FC14B /* Contacts.swift in Sources */ = {isa = PBXBuildFile; fileRef = F98C6AB81D0F3096007FC14B /* Contacts.swift */; };
/* End PBXBuildFile section */

/* Begin PBXContainerItemProxy section */
		F98C6A951D0F2C62007FC14B /* PBXContainerItemProxy */ = {
			isa = PBXContainerItemProxy;
			containerPortal = F98C6A751D0F2C62007FC14B /* Project object */;
			proxyType = 1;
			remoteGlobalIDString = F98C6A7C1D0F2C62007FC14B;
			remoteInfo = Contacts;
		};
		F98C6AA01D0F2C63007FC14B /* PBXContainerItemProxy */ = {
			isa = PBXContainerItemProxy;
			containerPortal = F98C6A751D0F2C62007FC14B /* Project object */;
			proxyType = 1;
			remoteGlobalIDString = F98C6A7C1D0F2C62007FC14B;
			remoteInfo = Contacts;
		};
/* End PBXContainerItemProxy section */

/* Begin PBXFileReference section */
		F91307201D0F45EF0092E712 /* ContactsMenuController.swift */ = {isa = PBXFileReference; fileEncoding = 4; lastKnownFileType = sourcecode.swift; path = ContactsMenuController.swift; sourceTree = "<group>"; };
		F91307211D0F45EF0092E712 /* ContactsMenuController.xib */ = {isa = PBXFileReference; fileEncoding = 4; lastKnownFileType = file.xib; path = ContactsMenuController.xib; sourceTree = "<group>"; };
		F91307241D0F510B0092E712 /* ContactViewCell.swift */ = {isa = PBXFileReference; fileEncoding = 4; lastKnownFileType = sourcecode.swift; path = ContactViewCell.swift; sourceTree = "<group>"; };
		F91307251D0F510B0092E712 /* ContactViewCell.xib */ = {isa = PBXFileReference; fileEncoding = 4; lastKnownFileType = file.xib; path = ContactViewCell.xib; sourceTree = "<group>"; };
		F98C6A7D1D0F2C62007FC14B /* Contacts.app */ = {isa = PBXFileReference; explicitFileType = wrapper.application; includeInIndex = 0; path = Contacts.app; sourceTree = BUILT_PRODUCTS_DIR; };
		F98C6A801D0F2C62007FC14B /* AppDelegate.swift */ = {isa = PBXFileReference; lastKnownFileType = sourcecode.swift; path = AppDelegate.swift; sourceTree = "<group>"; };
		F98C6A881D0F2C62007FC14B /* Contacts.xcdatamodel */ = {isa = PBXFileReference; lastKnownFileType = wrapper.xcdatamodel; path = Contacts.xcdatamodel; sourceTree = "<group>"; };
		F98C6A8A1D0F2C62007FC14B /* Assets.xcassets */ = {isa = PBXFileReference; lastKnownFileType = folder.assetcatalog; path = Assets.xcassets; sourceTree = "<group>"; };
		F98C6A8F1D0F2C62007FC14B /* Info.plist */ = {isa = PBXFileReference; lastKnownFileType = text.plist.xml; path = Info.plist; sourceTree = "<group>"; };
		F98C6A941D0F2C62007FC14B /* ContactsTests.xctest */ = {isa = PBXFileReference; explicitFileType = wrapper.cfbundle; includeInIndex = 0; path = ContactsTests.xctest; sourceTree = BUILT_PRODUCTS_DIR; };
		F98C6A981D0F2C62007FC14B /* ContactsTests.swift */ = {isa = PBXFileReference; lastKnownFileType = sourcecode.swift; path = ContactsTests.swift; sourceTree = "<group>"; };
		F98C6A9A1D0F2C62007FC14B /* Info.plist */ = {isa = PBXFileReference; lastKnownFileType = text.plist.xml; path = Info.plist; sourceTree = "<group>"; };
		F98C6A9F1D0F2C63007FC14B /* ContactsUITests.xctest */ = {isa = PBXFileReference; explicitFileType = wrapper.cfbundle; includeInIndex = 0; path = ContactsUITests.xctest; sourceTree = BUILT_PRODUCTS_DIR; };
		F98C6AA31D0F2C63007FC14B /* ContactsUITests.swift */ = {isa = PBXFileReference; lastKnownFileType = sourcecode.swift; path = ContactsUITests.swift; sourceTree = "<group>"; };
		F98C6AA51D0F2C63007FC14B /* Info.plist */ = {isa = PBXFileReference; lastKnownFileType = text.plist.xml; path = Info.plist; sourceTree = "<group>"; };
		F98C6AB81D0F3096007FC14B /* Contacts.swift */ = {isa = PBXFileReference; fileEncoding = 4; lastKnownFileType = sourcecode.swift; path = Contacts.swift; sourceTree = "<group>"; };
/* End PBXFileReference section */

/* Begin PBXFrameworksBuildPhase section */
		F98C6A7A1D0F2C62007FC14B /* Frameworks */ = {
			isa = PBXFrameworksBuildPhase;
			buildActionMask = 2147483647;
			files = (
			);
			runOnlyForDeploymentPostprocessing = 0;
		};
		F98C6A911D0F2C62007FC14B /* Frameworks */ = {
			isa = PBXFrameworksBuildPhase;
			buildActionMask = 2147483647;
			files = (
			);
			runOnlyForDeploymentPostprocessing = 0;
		};
		F98C6A9C1D0F2C63007FC14B /* Frameworks */ = {
			isa = PBXFrameworksBuildPhase;
			buildActionMask = 2147483647;
			files = (
			);
			runOnlyForDeploymentPostprocessing = 0;
		};
/* End PBXFrameworksBuildPhase section */

/* Begin PBXGroup section */
		F91307281D0F647A0092E712 /* Models */ = {
			isa = PBXGroup;
			children = (
				F98C6AB81D0F3096007FC14B /* Contacts.swift */,
			);
			name = Models;
			sourceTree = "<group>";
		};
		F98C6A741D0F2C62007FC14B = {
			isa = PBXGroup;
			children = (
				F98C6A7F1D0F2C62007FC14B /* Contacts */,
				F98C6A971D0F2C62007FC14B /* ContactsTests */,
				F98C6AA21D0F2C63007FC14B /* ContactsUITests */,
				F98C6A7E1D0F2C62007FC14B /* Products */,
			);
			sourceTree = "<group>";
		};
		F98C6A7E1D0F2C62007FC14B /* Products */ = {
			isa = PBXGroup;
			children = (
				F98C6A7D1D0F2C62007FC14B /* Contacts.app */,
				F98C6A941D0F2C62007FC14B /* ContactsTests.xctest */,
				F98C6A9F1D0F2C63007FC14B /* ContactsUITests.xctest */,
			);
			name = Products;
			sourceTree = "<group>";
		};
		F98C6A7F1D0F2C62007FC14B /* Contacts */ = {
			isa = PBXGroup;
			children = (
				F98C6AB11D0F2C8B007FC14B /* Supporting Files */,
				F98C6A8A1D0F2C62007FC14B /* Assets.xcassets */,
				F91307281D0F647A0092E712 /* Models */,
				F91307201D0F45EF0092E712 /* ContactsMenuController.swift */,
				F91307241D0F510B0092E712 /* ContactViewCell.swift */,
				F91307251D0F510B0092E712 /* ContactViewCell.xib */,
				F91307211D0F45EF0092E712 /* ContactsMenuController.xib */,
			);
			path = Contacts;
			sourceTree = "<group>";
		};
		F98C6A971D0F2C62007FC14B /* ContactsTests */ = {
			isa = PBXGroup;
			children = (
				F98C6A981D0F2C62007FC14B /* ContactsTests.swift */,
				F98C6A9A1D0F2C62007FC14B /* Info.plist */,
			);
			path = ContactsTests;
			sourceTree = "<group>";
		};
		F98C6AA21D0F2C63007FC14B /* ContactsUITests */ = {
			isa = PBXGroup;
			children = (
				F98C6AA31D0F2C63007FC14B /* ContactsUITests.swift */,
				F98C6AA51D0F2C63007FC14B /* Info.plist */,
			);
			path = ContactsUITests;
			sourceTree = "<group>";
		};
		F98C6AB11D0F2C8B007FC14B /* Supporting Files */ = {
			isa = PBXGroup;
			children = (
				F98C6A801D0F2C62007FC14B /* AppDelegate.swift */,
				F98C6A8F1D0F2C62007FC14B /* Info.plist */,
				F98C6A871D0F2C62007FC14B /* Contacts.xcdatamodeld */,
			);
			name = "Supporting Files";
			sourceTree = "<group>";
		};
/* End PBXGroup section */

/* Begin PBXNativeTarget section */
		F98C6A7C1D0F2C62007FC14B /* Contacts */ = {
			isa = PBXNativeTarget;
			buildConfigurationList = F98C6AA81D0F2C63007FC14B /* Build configuration list for PBXNativeTarget "Contacts" */;
			buildPhases = (
				F98C6A791D0F2C62007FC14B /* Sources */,
				F98C6A7A1D0F2C62007FC14B /* Frameworks */,
				F98C6A7B1D0F2C62007FC14B /* Resources */,
			);
			buildRules = (
			);
			dependencies = (
			);
			name = Contacts;
			productName = Contacts;
			productReference = F98C6A7D1D0F2C62007FC14B /* Contacts.app */;
			productType = "com.apple.product-type.application";
		};
		F98C6A931D0F2C62007FC14B /* ContactsTests */ = {
			isa = PBXNativeTarget;
			buildConfigurationList = F98C6AAB1D0F2C63007FC14B /* Build configuration list for PBXNativeTarget "ContactsTests" */;
			buildPhases = (
				F98C6A901D0F2C62007FC14B /* Sources */,
				F98C6A911D0F2C62007FC14B /* Frameworks */,
				F98C6A921D0F2C62007FC14B /* Resources */,
			);
			buildRules = (
			);
			dependencies = (
				F98C6A961D0F2C62007FC14B /* PBXTargetDependency */,
			);
			name = ContactsTests;
			productName = ContactsTests;
			productReference = F98C6A941D0F2C62007FC14B /* ContactsTests.xctest */;
			productType = "com.apple.product-type.bundle.unit-test";
		};
		F98C6A9E1D0F2C63007FC14B /* ContactsUITests */ = {
			isa = PBXNativeTarget;
			buildConfigurationList = F98C6AAE1D0F2C63007FC14B /* Build configuration list for PBXNativeTarget "ContactsUITests" */;
			buildPhases = (
				F98C6A9B1D0F2C63007FC14B /* Sources */,
				F98C6A9C1D0F2C63007FC14B /* Frameworks */,
				F98C6A9D1D0F2C63007FC14B /* Resources */,
			);
			buildRules = (
			);
			dependencies = (
				F98C6AA11D0F2C63007FC14B /* PBXTargetDependency */,
			);
			name = ContactsUITests;
			productName = ContactsUITests;
			productReference = F98C6A9F1D0F2C63007FC14B /* ContactsUITests.xctest */;
			productType = "com.apple.product-type.bundle.ui-testing";
		};
/* End PBXNativeTarget section */

/* Begin PBXProject section */
		F98C6A751D0F2C62007FC14B /* Project object */ = {
			isa = PBXProject;
			attributes = {
				LastSwiftUpdateCheck = 0730;
				LastUpgradeCheck = 0730;
				ORGANIZATIONNAME = "Kevin Zeckser";
				TargetAttributes = {
					F98C6A7C1D0F2C62007FC14B = {
						CreatedOnToolsVersion = 7.3.1;
						DevelopmentTeam = THP5EV5EJ9;
					};
					F98C6A931D0F2C62007FC14B = {
						CreatedOnToolsVersion = 7.3.1;
						TestTargetID = F98C6A7C1D0F2C62007FC14B;
					};
					F98C6A9E1D0F2C63007FC14B = {
						CreatedOnToolsVersion = 7.3.1;
						TestTargetID = F98C6A7C1D0F2C62007FC14B;
					};
				};
			};
			buildConfigurationList = F98C6A781D0F2C62007FC14B /* Build configuration list for PBXProject "Contacts" */;
			compatibilityVersion = "Xcode 3.2";
			developmentRegion = English;
			hasScannedForEncodings = 0;
			knownRegions = (
				en,
				Base,
			);
			mainGroup = F98C6A741D0F2C62007FC14B;
			productRefGroup = F98C6A7E1D0F2C62007FC14B /* Products */;
			projectDirPath = "";
			projectRoot = "";
			targets = (
				F98C6A7C1D0F2C62007FC14B /* Contacts */,
				F98C6A931D0F2C62007FC14B /* ContactsTests */,
				F98C6A9E1D0F2C63007FC14B /* ContactsUITests */,
			);
		};
/* End PBXProject section */

/* Begin PBXResourcesBuildPhase section */
		F98C6A7B1D0F2C62007FC14B /* Resources */ = {
			isa = PBXResourcesBuildPhase;
			buildActionMask = 2147483647;
			files = (
				F98C6A8B1D0F2C62007FC14B /* Assets.xcassets in Resources */,
				F91307231D0F45EF0092E712 /* ContactsMenuController.xib in Resources */,
				F91307271D0F510B0092E712 /* ContactViewCell.xib in Resources */,
			);
			runOnlyForDeploymentPostprocessing = 0;
		};
		F98C6A921D0F2C62007FC14B /* Resources */ = {
			isa = PBXResourcesBuildPhase;
			buildActionMask = 2147483647;
			files = (
			);
			runOnlyForDeploymentPostprocessing = 0;
		};
		F98C6A9D1D0F2C63007FC14B /* Resources */ = {
			isa = PBXResourcesBuildPhase;
			buildActionMask = 2147483647;
			files = (
			);
			runOnlyForDeploymentPostprocessing = 0;
		};
/* End PBXResourcesBuildPhase section */

/* Begin PBXSourcesBuildPhase section */
		F98C6A791D0F2C62007FC14B /* Sources */ = {
			isa = PBXSourcesBuildPhase;
			buildActionMask = 2147483647;
			files = (
				F98C6AB91D0F3096007FC14B /* Contacts.swift in Sources */,
				F98C6A811D0F2C62007FC14B /* AppDelegate.swift in Sources */,
				F98C6A891D0F2C62007FC14B /* Contacts.xcdatamodeld in Sources */,
				F91307221D0F45EF0092E712 /* ContactsMenuController.swift in Sources */,
				F91307261D0F510B0092E712 /* ContactViewCell.swift in Sources */,
			);
			runOnlyForDeploymentPostprocessing = 0;
		};
		F98C6A901D0F2C62007FC14B /* Sources */ = {
			isa = PBXSourcesBuildPhase;
			buildActionMask = 2147483647;
			files = (
				F98C6A991D0F2C62007FC14B /* ContactsTests.swift in Sources */,
			);
			runOnlyForDeploymentPostprocessing = 0;
		};
		F98C6A9B1D0F2C63007FC14B /* Sources */ = {
			isa = PBXSourcesBuildPhase;
			buildActionMask = 2147483647;
			files = (
				F98C6AA41D0F2C63007FC14B /* ContactsUITests.swift in Sources */,
			);
			runOnlyForDeploymentPostprocessing = 0;
		};
/* End PBXSourcesBuildPhase section */

/* Begin PBXTargetDependency section */
		F98C6A961D0F2C62007FC14B /* PBXTargetDependency */ = {
			isa = PBXTargetDependency;
			target = F98C6A7C1D0F2C62007FC14B /* Contacts */;
			targetProxy = F98C6A951D0F2C62007FC14B /* PBXContainerItemProxy */;
		};
		F98C6AA11D0F2C63007FC14B /* PBXTargetDependency */ = {
			isa = PBXTargetDependency;
			target = F98C6A7C1D0F2C62007FC14B /* Contacts */;
			targetProxy = F98C6AA01D0F2C63007FC14B /* PBXContainerItemProxy */;
		};
/* End PBXTargetDependency section */

/* Begin XCBuildConfiguration section */
		F98C6AA61D0F2C63007FC14B /* Debug */ = {
			isa = XCBuildConfiguration;
			buildSettings = {
				ALWAYS_SEARCH_USER_PATHS = NO;
				CLANG_ANALYZER_NONNULL = YES;
				CLANG_CXX_LANGUAGE_STANDARD = "gnu++0x";
				CLANG_CXX_LIBRARY = "libc++";
				CLANG_ENABLE_MODULES = YES;
				CLANG_ENABLE_OBJC_ARC = YES;
				CLANG_WARN_BOOL_CONVERSION = YES;
				CLANG_WARN_CONSTANT_CONVERSION = YES;
				CLANG_WARN_DIRECT_OBJC_ISA_USAGE = YES_ERROR;
				CLANG_WARN_EMPTY_BODY = YES;
				CLANG_WARN_ENUM_CONVERSION = YES;
				CLANG_WARN_INT_CONVERSION = YES;
				CLANG_WARN_OBJC_ROOT_CLASS = YES_ERROR;
				CLANG_WARN_UNREACHABLE_CODE = YES;
				CLANG_WARN__DUPLICATE_METHOD_MATCH = YES;
				"CODE_SIGN_IDENTITY[sdk=iphoneos*]" = "iPhone Developer";
				COPY_PHASE_STRIP = NO;
				DEBUG_INFORMATION_FORMAT = dwarf;
				ENABLE_STRICT_OBJC_MSGSEND = YES;
				ENABLE_TESTABILITY = YES;
				GCC_C_LANGUAGE_STANDARD = gnu99;
				GCC_DYNAMIC_NO_PIC = NO;
				GCC_NO_COMMON_BLOCKS = YES;
				GCC_OPTIMIZATION_LEVEL = 0;
				GCC_PREPROCESSOR_DEFINITIONS = (
					"DEBUG=1",
					"$(inherited)",
				);
				GCC_WARN_64_TO_32_BIT_CONVERSION = YES;
				GCC_WARN_ABOUT_RETURN_TYPE = YES_ERROR;
				GCC_WARN_UNDECLARED_SELECTOR = YES;
				GCC_WARN_UNINITIALIZED_AUTOS = YES_AGGRESSIVE;
				GCC_WARN_UNUSED_FUNCTION = YES;
				GCC_WARN_UNUSED_VARIABLE = YES;
				IPHONEOS_DEPLOYMENT_TARGET = 9.3;
				MTL_ENABLE_DEBUG_INFO = YES;
				ONLY_ACTIVE_ARCH = YES;
				SDKROOT = iphoneos;
				SWIFT_OPTIMIZATION_LEVEL = "-Onone";
				TARGETED_DEVICE_FAMILY = "1,2";
			};
			name = Debug;
		};
		F98C6AA71D0F2C63007FC14B /* Release */ = {
			isa = XCBuildConfiguration;
			buildSettings = {
				ALWAYS_SEARCH_USER_PATHS = NO;
				CLANG_ANALYZER_NONNULL = YES;
				CLANG_CXX_LANGUAGE_STANDARD = "gnu++0x";
				CLANG_CXX_LIBRARY = "libc++";
				CLANG_ENABLE_MODULES = YES;
				CLANG_ENABLE_OBJC_ARC = YES;
				CLANG_WARN_BOOL_CONVERSION = YES;
				CLANG_WARN_CONSTANT_CONVERSION = YES;
				CLANG_WARN_DIRECT_OBJC_ISA_USAGE = YES_ERROR;
				CLANG_WARN_EMPTY_BODY = YES;
				CLANG_WARN_ENUM_CONVERSION = YES;
				CLANG_WARN_INT_CONVERSION = YES;
				CLANG_WARN_OBJC_ROOT_CLASS = YES_ERROR;
				CLANG_WARN_UNREACHABLE_CODE = YES;
				CLANG_WARN__DUPLICATE_METHOD_MATCH = YES;
				"CODE_SIGN_IDENTITY[sdk=iphoneos*]" = "iPhone Developer";
				COPY_PHASE_STRIP = NO;
				DEBUG_INFORMATION_FORMAT = "dwarf-with-dsym";
				ENABLE_NS_ASSERTIONS = NO;
				ENABLE_STRICT_OBJC_MSGSEND = YES;
				GCC_C_LANGUAGE_STANDARD = gnu99;
				GCC_NO_COMMON_BLOCKS = YES;
				GCC_WARN_64_TO_32_BIT_CONVERSION = YES;
				GCC_WARN_ABOUT_RETURN_TYPE = YES_ERROR;
				GCC_WARN_UNDECLARED_SELECTOR = YES;
				GCC_WARN_UNINITIALIZED_AUTOS = YES_AGGRESSIVE;
				GCC_WARN_UNUSED_FUNCTION = YES;
				GCC_WARN_UNUSED_VARIABLE = YES;
				IPHONEOS_DEPLOYMENT_TARGET = 9.3;
				MTL_ENABLE_DEBUG_INFO = NO;
				SDKROOT = iphoneos;
				TARGETED_DEVICE_FAMILY = "1,2";
				VALIDATE_PRODUCT = YES;
			};
			name = Release;
		};
		F98C6AA91D0F2C63007FC14B /* Debug */ = {
			isa = XCBuildConfiguration;
			buildSettings = {
				ASSETCATALOG_COMPILER_APPICON_NAME = AppIcon;
				CODE_SIGN_IDENTITY = "iPhone Developer";
				INFOPLIST_FILE = Contacts/Info.plist;
				LD_RUNPATH_SEARCH_PATHS = "$(inherited) @executable_path/Frameworks";
				PRODUCT_BUNDLE_IDENTIFIER = kzprojects.Contacts;
				PRODUCT_NAME = "$(TARGET_NAME)";
			};
			name = Debug;
		};
		F98C6AAA1D0F2C63007FC14B /* Release */ = {
			isa = XCBuildConfiguration;
			buildSettings = {
				ASSETCATALOG_COMPILER_APPICON_NAME = AppIcon;
				CODE_SIGN_IDENTITY = "iPhone Developer";
				INFOPLIST_FILE = Contacts/Info.plist;
				LD_RUNPATH_SEARCH_PATHS = "$(inherited) @executable_path/Frameworks";
				PRODUCT_BUNDLE_IDENTIFIER = kzprojects.Contacts;
				PRODUCT_NAME = "$(TARGET_NAME)";
			};
			name = Release;
		};
		F98C6AAC1D0F2C63007FC14B /* Debug */ = {
			isa = XCBuildConfiguration;
			buildSettings = {
				BUNDLE_LOADER = "$(TEST_HOST)";
				INFOPLIST_FILE = ContactsTests/Info.plist;
				LD_RUNPATH_SEARCH_PATHS = "$(inherited) @executable_path/Frameworks @loader_path/Frameworks";
				PRODUCT_BUNDLE_IDENTIFIER = kzprojects.ContactsTests;
				PRODUCT_NAME = "$(TARGET_NAME)";
				TEST_HOST = "$(BUILT_PRODUCTS_DIR)/Contacts.app/Contacts";
			};
			name = Debug;
		};
		F98C6AAD1D0F2C63007FC14B /* Release */ = {
			isa = XCBuildConfiguration;
			buildSettings = {
				BUNDLE_LOADER = "$(TEST_HOST)";
				INFOPLIST_FILE = ContactsTests/Info.plist;
				LD_RUNPATH_SEARCH_PATHS = "$(inherited) @executable_path/Frameworks @loader_path/Frameworks";
				PRODUCT_BUNDLE_IDENTIFIER = kzprojects.ContactsTests;
				PRODUCT_NAME = "$(TARGET_NAME)";
				TEST_HOST = "$(BUILT_PRODUCTS_DIR)/Contacts.app/Contacts";
			};
			name = Release;
		};
		F98C6AAF1D0F2C63007FC14B /* Debug */ = {
			isa = XCBuildConfiguration;
			buildSettings = {
				INFOPLIST_FILE = ContactsUITests/Info.plist;
				LD_RUNPATH_SEARCH_PATHS = "$(inherited) @executable_path/Frameworks @loader_path/Frameworks";
				PRODUCT_BUNDLE_IDENTIFIER = kzprojects.ContactsUITests;
				PRODUCT_NAME = "$(TARGET_NAME)";
				TEST_TARGET_NAME = Contacts;
			};
			name = Debug;
		};
		F98C6AB01D0F2C63007FC14B /* Release */ = {
			isa = XCBuildConfiguration;
			buildSettings = {
				INFOPLIST_FILE = ContactsUITests/Info.plist;
				LD_RUNPATH_SEARCH_PATHS = "$(inherited) @executable_path/Frameworks @loader_path/Frameworks";
				PRODUCT_BUNDLE_IDENTIFIER = kzprojects.ContactsUITests;
				PRODUCT_NAME = "$(TARGET_NAME)";
				TEST_TARGET_NAME = Contacts;
			};
			name = Release;
		};
/* End XCBuildConfiguration section */

/* Begin XCConfigurationList section */
		F98C6A781D0F2C62007FC14B /* Build configuration list for PBXProject "Contacts" */ = {
			isa = XCConfigurationList;
			buildConfigurations = (
				F98C6AA61D0F2C63007FC14B /* Debug */,
				F98C6AA71D0F2C63007FC14B /* Release */,
			);
			defaultConfigurationIsVisible = 0;
			defaultConfigurationName = Release;
		};
		F98C6AA81D0F2C63007FC14B /* Build configuration list for PBXNativeTarget "Contacts" */ = {
			isa = XCConfigurationList;
			buildConfigurations = (
				F98C6AA91D0F2C63007FC14B /* Debug */,
				F98C6AAA1D0F2C63007FC14B /* Release */,
			);
			defaultConfigurationIsVisible = 0;
			defaultConfigurationName = Release;
		};
		F98C6AAB1D0F2C63007FC14B /* Build configuration list for PBXNativeTarget "ContactsTests" */ = {
			isa = XCConfigurationList;
			buildConfigurations = (
				F98C6AAC1D0F2C63007FC14B /* Debug */,
				F98C6AAD1D0F2C63007FC14B /* Release */,
			);
			defaultConfigurationIsVisible = 0;
			defaultConfigurationName = Release;
		};
		F98C6AAE1D0F2C63007FC14B /* Build configuration list for PBXNativeTarget "ContactsUITests" */ = {
			isa = XCConfigurationList;
			buildConfigurations = (
				F98C6AAF1D0F2C63007FC14B /* Debug */,
				F98C6AB01D0F2C63007FC14B /* Release */,
			);
			defaultConfigurationIsVisible = 0;
			defaultConfigurationName = Release;
		};
/* End XCConfigurationList section */

/* Begin XCVersionGroup section */
		F98C6A871D0F2C62007FC14B /* Contacts.xcdatamodeld */ = {
			isa = XCVersionGroup;
			children = (
				F98C6A881D0F2C62007FC14B /* Contacts.xcdatamodel */,
			);
			currentVersion = F98C6A881D0F2C62007FC14B /* Contacts.xcdatamodel */;
			path = Contacts.xcdatamodeld;
			sourceTree = "<group>";
			versionGroupType = wrapper.xcdatamodel;
		};
/* End XCVersionGroup section */
	};
	rootObject = F98C6A751D0F2C62007FC14B /* Project object */;
}
