// !$*UTF8*$!
{
	archiveVersion = 1;
	classes = {
	};
	objectVersion = 46;
	objects = {

/* Begin PBXBuildFile section */
		F913073D1D1351980092E712 /* AppDelegate.swift in Sources */ = {isa = PBXBuildFile; fileRef = F913073C1D1351980092E712 /* AppDelegate.swift */; };
		F91307451D1351980092E712 /* CheckIn.xcdatamodeld in Sources */ = {isa = PBXBuildFile; fileRef = F91307431D1351980092E712 /* CheckIn.xcdatamodeld */; };
		F91307471D1351980092E712 /* Assets.xcassets in Resources */ = {isa = PBXBuildFile; fileRef = F91307461D1351980092E712 /* Assets.xcassets */; };
		F91307551D1351980092E712 /* CheckInTests.swift in Sources */ = {isa = PBXBuildFile; fileRef = F91307541D1351980092E712 /* CheckInTests.swift */; };
		F91307601D1351980092E712 /* CheckInUITests.swift in Sources */ = {isa = PBXBuildFile; fileRef = F913075F1D1351980092E712 /* CheckInUITests.swift */; };
		F91307701D1352810092E712 /* HomeController.swift in Sources */ = {isa = PBXBuildFile; fileRef = F913076E1D1352810092E712 /* HomeController.swift */; };
		F91307711D1352810092E712 /* HomeController.xib in Resources */ = {isa = PBXBuildFile; fileRef = F913076F1D1352810092E712 /* HomeController.xib */; };
		F91307731D138D500092E712 /* Default-568h@2x.png in Resources */ = {isa = PBXBuildFile; fileRef = F91307721D138D500092E712 /* Default-568h@2x.png */; };
		F91307751D1398980092E712 /* NetworkManager.swift in Sources */ = {isa = PBXBuildFile; fileRef = F91307741D1398980092E712 /* NetworkManager.swift */; };
/* End PBXBuildFile section */

/* Begin PBXContainerItemProxy section */
		F91307511D1351980092E712 /* PBXContainerItemProxy */ = {
			isa = PBXContainerItemProxy;
			containerPortal = F91307311D1351980092E712 /* Project object */;
			proxyType = 1;
			remoteGlobalIDString = F91307381D1351980092E712;
			remoteInfo = CheckIn;
		};
		F913075C1D1351980092E712 /* PBXContainerItemProxy */ = {
			isa = PBXContainerItemProxy;
			containerPortal = F91307311D1351980092E712 /* Project object */;
			proxyType = 1;
			remoteGlobalIDString = F91307381D1351980092E712;
			remoteInfo = CheckIn;
		};
/* End PBXContainerItemProxy section */

/* Begin PBXFileReference section */
		F91307391D1351980092E712 /* CheckIn.app */ = {isa = PBXFileReference; explicitFileType = wrapper.application; includeInIndex = 0; path = CheckIn.app; sourceTree = BUILT_PRODUCTS_DIR; };
		F913073C1D1351980092E712 /* AppDelegate.swift */ = {isa = PBXFileReference; lastKnownFileType = sourcecode.swift; path = AppDelegate.swift; sourceTree = "<group>"; };
		F91307441D1351980092E712 /* CheckIn.xcdatamodel */ = {isa = PBXFileReference; lastKnownFileType = wrapper.xcdatamodel; path = CheckIn.xcdatamodel; sourceTree = "<group>"; };
		F91307461D1351980092E712 /* Assets.xcassets */ = {isa = PBXFileReference; lastKnownFileType = folder.assetcatalog; path = Assets.xcassets; sourceTree = "<group>"; };
		F913074B1D1351980092E712 /* Info.plist */ = {isa = PBXFileReference; lastKnownFileType = text.plist.xml; path = Info.plist; sourceTree = "<group>"; };
		F91307501D1351980092E712 /* CheckInTests.xctest */ = {isa = PBXFileReference; explicitFileType = wrapper.cfbundle; includeInIndex = 0; path = CheckInTests.xctest; sourceTree = BUILT_PRODUCTS_DIR; };
		F91307541D1351980092E712 /* CheckInTests.swift */ = {isa = PBXFileReference; lastKnownFileType = sourcecode.swift; path = CheckInTests.swift; sourceTree = "<group>"; };
		F91307561D1351980092E712 /* Info.plist */ = {isa = PBXFileReference; lastKnownFileType = text.plist.xml; path = Info.plist; sourceTree = "<group>"; };
		F913075B1D1351980092E712 /* CheckInUITests.xctest */ = {isa = PBXFileReference; explicitFileType = wrapper.cfbundle; includeInIndex = 0; path = CheckInUITests.xctest; sourceTree = BUILT_PRODUCTS_DIR; };
		F913075F1D1351980092E712 /* CheckInUITests.swift */ = {isa = PBXFileReference; lastKnownFileType = sourcecode.swift; path = CheckInUITests.swift; sourceTree = "<group>"; };
		F91307611D1351980092E712 /* Info.plist */ = {isa = PBXFileReference; lastKnownFileType = text.plist.xml; path = Info.plist; sourceTree = "<group>"; };
		F913076E1D1352810092E712 /* HomeController.swift */ = {isa = PBXFileReference; fileEncoding = 4; lastKnownFileType = sourcecode.swift; path = HomeController.swift; sourceTree = "<group>"; };
		F913076F1D1352810092E712 /* HomeController.xib */ = {isa = PBXFileReference; fileEncoding = 4; lastKnownFileType = file.xib; path = HomeController.xib; sourceTree = "<group>"; };
		F91307721D138D500092E712 /* Default-568h@2x.png */ = {isa = PBXFileReference; lastKnownFileType = image.png; path = "Default-568h@2x.png"; sourceTree = "<group>"; };
		F91307741D1398980092E712 /* NetworkManager.swift */ = {isa = PBXFileReference; fileEncoding = 4; lastKnownFileType = sourcecode.swift; path = NetworkManager.swift; sourceTree = "<group>"; };
/* End PBXFileReference section */

/* Begin PBXFrameworksBuildPhase section */
		F91307361D1351980092E712 /* Frameworks */ = {
			isa = PBXFrameworksBuildPhase;
			buildActionMask = 2147483647;
			files = (
			);
			runOnlyForDeploymentPostprocessing = 0;
		};
		F913074D1D1351980092E712 /* Frameworks */ = {
			isa = PBXFrameworksBuildPhase;
			buildActionMask = 2147483647;
			files = (
			);
			runOnlyForDeploymentPostprocessing = 0;
		};
		F91307581D1351980092E712 /* Frameworks */ = {
			isa = PBXFrameworksBuildPhase;
			buildActionMask = 2147483647;
			files = (
			);
			runOnlyForDeploymentPostprocessing = 0;
		};
/* End PBXFrameworksBuildPhase section */

/* Begin PBXGroup section */
		F91307301D1351980092E712 = {
			isa = PBXGroup;
			children = (
				F91307721D138D500092E712 /* Default-568h@2x.png */,
				F913073B1D1351980092E712 /* CheckIn */,
				F91307531D1351980092E712 /* CheckInTests */,
				F913075E1D1351980092E712 /* CheckInUITests */,
				F913073A1D1351980092E712 /* Products */,
			);
			sourceTree = "<group>";
		};
		F913073A1D1351980092E712 /* Products */ = {
			isa = PBXGroup;
			children = (
				F91307391D1351980092E712 /* CheckIn.app */,
				F91307501D1351980092E712 /* CheckInTests.xctest */,
				F913075B1D1351980092E712 /* CheckInUITests.xctest */,
			);
			name = Products;
			sourceTree = "<group>";
		};
		F913073B1D1351980092E712 /* CheckIn */ = {
			isa = PBXGroup;
			children = (
				F913076D1D1352070092E712 /* Supporting Files */,
				F913076E1D1352810092E712 /* HomeController.swift */,
				F91307741D1398980092E712 /* NetworkManager.swift */,
				F913076F1D1352810092E712 /* HomeController.xib */,
			);
			path = CheckIn;
			sourceTree = "<group>";
		};
		F91307531D1351980092E712 /* CheckInTests */ = {
			isa = PBXGroup;
			children = (
				F91307541D1351980092E712 /* CheckInTests.swift */,
				F91307561D1351980092E712 /* Info.plist */,
			);
			path = CheckInTests;
			sourceTree = "<group>";
		};
		F913075E1D1351980092E712 /* CheckInUITests */ = {
			isa = PBXGroup;
			children = (
				F913075F1D1351980092E712 /* CheckInUITests.swift */,
				F91307611D1351980092E712 /* Info.plist */,
			);
			path = CheckInUITests;
			sourceTree = "<group>";
		};
		F913076D1D1352070092E712 /* Supporting Files */ = {
			isa = PBXGroup;
			children = (
				F913073C1D1351980092E712 /* AppDelegate.swift */,
				F91307461D1351980092E712 /* Assets.xcassets */,
				F913074B1D1351980092E712 /* Info.plist */,
				F91307431D1351980092E712 /* CheckIn.xcdatamodeld */,
			);
			name = "Supporting Files";
			sourceTree = "<group>";
		};
/* End PBXGroup section */

/* Begin PBXNativeTarget section */
		F91307381D1351980092E712 /* CheckIn */ = {
			isa = PBXNativeTarget;
			buildConfigurationList = F91307641D1351980092E712 /* Build configuration list for PBXNativeTarget "CheckIn" */;
			buildPhases = (
				F91307351D1351980092E712 /* Sources */,
				F91307361D1351980092E712 /* Frameworks */,
				F91307371D1351980092E712 /* Resources */,
			);
			buildRules = (
			);
			dependencies = (
			);
			name = CheckIn;
			productName = CheckIn;
			productReference = F91307391D1351980092E712 /* CheckIn.app */;
			productType = "com.apple.product-type.application";
		};
		F913074F1D1351980092E712 /* CheckInTests */ = {
			isa = PBXNativeTarget;
			buildConfigurationList = F91307671D1351980092E712 /* Build configuration list for PBXNativeTarget "CheckInTests" */;
			buildPhases = (
				F913074C1D1351980092E712 /* Sources */,
				F913074D1D1351980092E712 /* Frameworks */,
				F913074E1D1351980092E712 /* Resources */,
			);
			buildRules = (
			);
			dependencies = (
				F91307521D1351980092E712 /* PBXTargetDependency */,
			);
			name = CheckInTests;
			productName = CheckInTests;
			productReference = F91307501D1351980092E712 /* CheckInTests.xctest */;
			productType = "com.apple.product-type.bundle.unit-test";
		};
		F913075A1D1351980092E712 /* CheckInUITests */ = {
			isa = PBXNativeTarget;
			buildConfigurationList = F913076A1D1351980092E712 /* Build configuration list for PBXNativeTarget "CheckInUITests" */;
			buildPhases = (
				F91307571D1351980092E712 /* Sources */,
				F91307581D1351980092E712 /* Frameworks */,
				F91307591D1351980092E712 /* Resources */,
			);
			buildRules = (
			);
			dependencies = (
				F913075D1D1351980092E712 /* PBXTargetDependency */,
			);
			name = CheckInUITests;
			productName = CheckInUITests;
			productReference = F913075B1D1351980092E712 /* CheckInUITests.xctest */;
			productType = "com.apple.product-type.bundle.ui-testing";
		};
/* End PBXNativeTarget section */

/* Begin PBXProject section */
		F91307311D1351980092E712 /* Project object */ = {
			isa = PBXProject;
			attributes = {
				LastSwiftUpdateCheck = 0730;
				LastUpgradeCheck = 0730;
				ORGANIZATIONNAME = "Kevin Zeckser";
				TargetAttributes = {
					F91307381D1351980092E712 = {
						CreatedOnToolsVersion = 7.3.1;
						DevelopmentTeam = THP5EV5EJ9;
					};
					F913074F1D1351980092E712 = {
						CreatedOnToolsVersion = 7.3.1;
						TestTargetID = F91307381D1351980092E712;
					};
					F913075A1D1351980092E712 = {
						CreatedOnToolsVersion = 7.3.1;
						TestTargetID = F91307381D1351980092E712;
					};
				};
			};
			buildConfigurationList = F91307341D1351980092E712 /* Build configuration list for PBXProject "CheckIn" */;
			compatibilityVersion = "Xcode 3.2";
			developmentRegion = English;
			hasScannedForEncodings = 0;
			knownRegions = (
				en,
				Base,
			);
			mainGroup = F91307301D1351980092E712;
			productRefGroup = F913073A1D1351980092E712 /* Products */;
			projectDirPath = "";
			projectRoot = "";
			targets = (
				F91307381D1351980092E712 /* CheckIn */,
				F913074F1D1351980092E712 /* CheckInTests */,
				F913075A1D1351980092E712 /* CheckInUITests */,
			);
		};
/* End PBXProject section */

/* Begin PBXResourcesBuildPhase section */
		F91307371D1351980092E712 /* Resources */ = {
			isa = PBXResourcesBuildPhase;
			buildActionMask = 2147483647;
			files = (
				F91307711D1352810092E712 /* HomeController.xib in Resources */,
				F91307471D1351980092E712 /* Assets.xcassets in Resources */,
				F91307731D138D500092E712 /* Default-568h@2x.png in Resources */,
			);
			runOnlyForDeploymentPostprocessing = 0;
		};
		F913074E1D1351980092E712 /* Resources */ = {
			isa = PBXResourcesBuildPhase;
			buildActionMask = 2147483647;
			files = (
			);
			runOnlyForDeploymentPostprocessing = 0;
		};
		F91307591D1351980092E712 /* Resources */ = {
			isa = PBXResourcesBuildPhase;
			buildActionMask = 2147483647;
			files = (
			);
			runOnlyForDeploymentPostprocessing = 0;
		};
/* End PBXResourcesBuildPhase section */

/* Begin PBXSourcesBuildPhase section */
		F91307351D1351980092E712 /* Sources */ = {
			isa = PBXSourcesBuildPhase;
			buildActionMask = 2147483647;
			files = (
				F91307751D1398980092E712 /* NetworkManager.swift in Sources */,
				F91307451D1351980092E712 /* CheckIn.xcdatamodeld in Sources */,
				F913073D1D1351980092E712 /* AppDelegate.swift in Sources */,
				F91307701D1352810092E712 /* HomeController.swift in Sources */,
			);
			runOnlyForDeploymentPostprocessing = 0;
		};
		F913074C1D1351980092E712 /* Sources */ = {
			isa = PBXSourcesBuildPhase;
			buildActionMask = 2147483647;
			files = (
				F91307551D1351980092E712 /* CheckInTests.swift in Sources */,
			);
			runOnlyForDeploymentPostprocessing = 0;
		};
		F91307571D1351980092E712 /* Sources */ = {
			isa = PBXSourcesBuildPhase;
			buildActionMask = 2147483647;
			files = (
				F91307601D1351980092E712 /* CheckInUITests.swift in Sources */,
			);
			runOnlyForDeploymentPostprocessing = 0;
		};
/* End PBXSourcesBuildPhase section */

/* Begin PBXTargetDependency section */
		F91307521D1351980092E712 /* PBXTargetDependency */ = {
			isa = PBXTargetDependency;
			target = F91307381D1351980092E712 /* CheckIn */;
			targetProxy = F91307511D1351980092E712 /* PBXContainerItemProxy */;
		};
		F913075D1D1351980092E712 /* PBXTargetDependency */ = {
			isa = PBXTargetDependency;
			target = F91307381D1351980092E712 /* CheckIn */;
			targetProxy = F913075C1D1351980092E712 /* PBXContainerItemProxy */;
		};
/* End PBXTargetDependency section */

/* Begin XCBuildConfiguration section */
		F91307621D1351980092E712 /* Debug */ = {
			isa = XCBuildConfiguration;
			buildSettings = {
				ALWAYS_SEARCH_USER_PATHS = NO;
				CLANG_ANALYZER_NONNULL = YES;
				CLANG_CXX_LANGUAGE_STANDARD = "gnu++0x";
				CLANG_CXX_LIBRARY = "libc++";
				CLANG_ENABLE_MODULES = YES;
				CLANG_ENABLE_OBJC_ARC = YES;
				CLANG_WARN_BOOL_CONVERSION = YES;
				CLANG_WARN_CONSTANT_CONVERSION = YES;
				CLANG_WARN_DIRECT_OBJC_ISA_USAGE = YES_ERROR;
				CLANG_WARN_EMPTY_BODY = YES;
				CLANG_WARN_ENUM_CONVERSION = YES;
				CLANG_WARN_INT_CONVERSION = YES;
				CLANG_WARN_OBJC_ROOT_CLASS = YES_ERROR;
				CLANG_WARN_UNREACHABLE_CODE = YES;
				CLANG_WARN__DUPLICATE_METHOD_MATCH = YES;
				"CODE_SIGN_IDENTITY[sdk=iphoneos*]" = "iPhone Developer";
				COPY_PHASE_STRIP = NO;
				DEBUG_INFORMATION_FORMAT = dwarf;
				ENABLE_STRICT_OBJC_MSGSEND = YES;
				ENABLE_TESTABILITY = YES;
				GCC_C_LANGUAGE_STANDARD = gnu99;
				GCC_DYNAMIC_NO_PIC = NO;
				GCC_NO_COMMON_BLOCKS = YES;
				GCC_OPTIMIZATION_LEVEL = 0;
				GCC_PREPROCESSOR_DEFINITIONS = (
					"DEBUG=1",
					"$(inherited)",
				);
				GCC_WARN_64_TO_32_BIT_CONVERSION = YES;
				GCC_WARN_ABOUT_RETURN_TYPE = YES_ERROR;
				GCC_WARN_UNDECLARED_SELECTOR = YES;
				GCC_WARN_UNINITIALIZED_AUTOS = YES_AGGRESSIVE;
				GCC_WARN_UNUSED_FUNCTION = YES;
				GCC_WARN_UNUSED_VARIABLE = YES;
				IPHONEOS_DEPLOYMENT_TARGET = 9.3;
				MTL_ENABLE_DEBUG_INFO = YES;
				ONLY_ACTIVE_ARCH = YES;
				SDKROOT = iphoneos;
				SWIFT_OPTIMIZATION_LEVEL = "-Onone";
				TARGETED_DEVICE_FAMILY = "1,2";
			};
			name = Debug;
		};
		F91307631D1351980092E712 /* Release */ = {
			isa = XCBuildConfiguration;
			buildSettings = {
				ALWAYS_SEARCH_USER_PATHS = NO;
				CLANG_ANALYZER_NONNULL = YES;
				CLANG_CXX_LANGUAGE_STANDARD = "gnu++0x";
				CLANG_CXX_LIBRARY = "libc++";
				CLANG_ENABLE_MODULES = YES;
				CLANG_ENABLE_OBJC_ARC = YES;
				CLANG_WARN_BOOL_CONVERSION = YES;
				CLANG_WARN_CONSTANT_CONVERSION = YES;
				CLANG_WARN_DIRECT_OBJC_ISA_USAGE = YES_ERROR;
				CLANG_WARN_EMPTY_BODY = YES;
				CLANG_WARN_ENUM_CONVERSION = YES;
				CLANG_WARN_INT_CONVERSION = YES;
				CLANG_WARN_OBJC_ROOT_CLASS = YES_ERROR;
				CLANG_WARN_UNREACHABLE_CODE = YES;
				CLANG_WARN__DUPLICATE_METHOD_MATCH = YES;
				"CODE_SIGN_IDENTITY[sdk=iphoneos*]" = "iPhone Developer";
				COPY_PHASE_STRIP = NO;
				DEBUG_INFORMATION_FORMAT = "dwarf-with-dsym";
				ENABLE_NS_ASSERTIONS = NO;
				ENABLE_STRICT_OBJC_MSGSEND = YES;
				GCC_C_LANGUAGE_STANDARD = gnu99;
				GCC_NO_COMMON_BLOCKS = YES;
				GCC_WARN_64_TO_32_BIT_CONVERSION = YES;
				GCC_WARN_ABOUT_RETURN_TYPE = YES_ERROR;
				GCC_WARN_UNDECLARED_SELECTOR = YES;
				GCC_WARN_UNINITIALIZED_AUTOS = YES_AGGRESSIVE;
				GCC_WARN_UNUSED_FUNCTION = YES;
				GCC_WARN_UNUSED_VARIABLE = YES;
				IPHONEOS_DEPLOYMENT_TARGET = 9.3;
				MTL_ENABLE_DEBUG_INFO = NO;
				SDKROOT = iphoneos;
				TARGETED_DEVICE_FAMILY = "1,2";
				VALIDATE_PRODUCT = YES;
			};
			name = Release;
		};
		F91307651D1351980092E712 /* Debug */ = {
			isa = XCBuildConfiguration;
			buildSettings = {
				CODE_SIGN_IDENTITY = "iPhone Developer";
				"CODE_SIGN_IDENTITY[sdk=iphoneos*]" = "iPhone Developer";
				INFOPLIST_FILE = CheckIn/Info.plist;
				LD_RUNPATH_SEARCH_PATHS = "$(inherited) @executable_path/Frameworks";
				PRODUCT_BUNDLE_IDENTIFIER = kzprojects.CheckIn;
				PRODUCT_NAME = "$(TARGET_NAME)";
				PROVISIONING_PROFILE = "";
			};
			name = Debug;
		};
		F91307661D1351980092E712 /* Release */ = {
			isa = XCBuildConfiguration;
			buildSettings = {
				CODE_SIGN_IDENTITY = "iPhone Developer";
				"CODE_SIGN_IDENTITY[sdk=iphoneos*]" = "iPhone Developer";
				INFOPLIST_FILE = CheckIn/Info.plist;
				LD_RUNPATH_SEARCH_PATHS = "$(inherited) @executable_path/Frameworks";
				PRODUCT_BUNDLE_IDENTIFIER = kzprojects.CheckIn;
				PRODUCT_NAME = "$(TARGET_NAME)";
				PROVISIONING_PROFILE = "";
			};
			name = Release;
		};
		F91307681D1351980092E712 /* Debug */ = {
			isa = XCBuildConfiguration;
			buildSettings = {
				BUNDLE_LOADER = "$(TEST_HOST)";
				INFOPLIST_FILE = CheckInTests/Info.plist;
				LD_RUNPATH_SEARCH_PATHS = "$(inherited) @executable_path/Frameworks @loader_path/Frameworks";
				PRODUCT_BUNDLE_IDENTIFIER = kzprojects.CheckInTests;
				PRODUCT_NAME = "$(TARGET_NAME)";
				TEST_HOST = "$(BUILT_PRODUCTS_DIR)/CheckIn.app/CheckIn";
			};
			name = Debug;
		};
		F91307691D1351980092E712 /* Release */ = {
			isa = XCBuildConfiguration;
			buildSettings = {
				BUNDLE_LOADER = "$(TEST_HOST)";
				INFOPLIST_FILE = CheckInTests/Info.plist;
				LD_RUNPATH_SEARCH_PATHS = "$(inherited) @executable_path/Frameworks @loader_path/Frameworks";
				PRODUCT_BUNDLE_IDENTIFIER = kzprojects.CheckInTests;
				PRODUCT_NAME = "$(TARGET_NAME)";
				TEST_HOST = "$(BUILT_PRODUCTS_DIR)/CheckIn.app/CheckIn";
			};
			name = Release;
		};
		F913076B1D1351980092E712 /* Debug */ = {
			isa = XCBuildConfiguration;
			buildSettings = {
				INFOPLIST_FILE = CheckInUITests/Info.plist;
				LD_RUNPATH_SEARCH_PATHS = "$(inherited) @executable_path/Frameworks @loader_path/Frameworks";
				PRODUCT_BUNDLE_IDENTIFIER = kzprojects.CheckInUITests;
				PRODUCT_NAME = "$(TARGET_NAME)";
				TEST_TARGET_NAME = CheckIn;
			};
			name = Debug;
		};
		F913076C1D1351980092E712 /* Release */ = {
			isa = XCBuildConfiguration;
			buildSettings = {
				INFOPLIST_FILE = CheckInUITests/Info.plist;
				LD_RUNPATH_SEARCH_PATHS = "$(inherited) @executable_path/Frameworks @loader_path/Frameworks";
				PRODUCT_BUNDLE_IDENTIFIER = kzprojects.CheckInUITests;
				PRODUCT_NAME = "$(TARGET_NAME)";
				TEST_TARGET_NAME = CheckIn;
			};
			name = Release;
		};
/* End XCBuildConfiguration section */

/* Begin XCConfigurationList section */
		F91307341D1351980092E712 /* Build configuration list for PBXProject "CheckIn" */ = {
			isa = XCConfigurationList;
			buildConfigurations = (
				F91307621D1351980092E712 /* Debug */,
				F91307631D1351980092E712 /* Release */,
			);
			defaultConfigurationIsVisible = 0;
			defaultConfigurationName = Release;
		};
		F91307641D1351980092E712 /* Build configuration list for PBXNativeTarget "CheckIn" */ = {
			isa = XCConfigurationList;
			buildConfigurations = (
				F91307651D1351980092E712 /* Debug */,
				F91307661D1351980092E712 /* Release */,
			);
			defaultConfigurationIsVisible = 0;
		};
		F91307671D1351980092E712 /* Build configuration list for PBXNativeTarget "CheckInTests" */ = {
			isa = XCConfigurationList;
			buildConfigurations = (
				F91307681D1351980092E712 /* Debug */,
				F91307691D1351980092E712 /* Release */,
			);
			defaultConfigurationIsVisible = 0;
		};
		F913076A1D1351980092E712 /* Build configuration list for PBXNativeTarget "CheckInUITests" */ = {
			isa = XCConfigurationList;
			buildConfigurations = (
				F913076B1D1351980092E712 /* Debug */,
				F913076C1D1351980092E712 /* Release */,
			);
			defaultConfigurationIsVisible = 0;
		};
/* End XCConfigurationList section */

/* Begin XCVersionGroup section */
		F91307431D1351980092E712 /* CheckIn.xcdatamodeld */ = {
			isa = XCVersionGroup;
			children = (
				F91307441D1351980092E712 /* CheckIn.xcdatamodel */,
			);
			currentVersion = F91307441D1351980092E712 /* CheckIn.xcdatamodel */;
			path = CheckIn.xcdatamodeld;
			sourceTree = "<group>";
			versionGroupType = wrapper.xcdatamodel;
		};
/* End XCVersionGroup section */
	};
	rootObject = F91307311D1351980092E712 /* Project object */;
}
