// !$*UTF8*$!
{
	archiveVersion = 1;
	classes = {
	};
	objectVersion = 46;
	objects = {

/* Begin PBXBuildFile section */
		F96883041D1DAF66008C23C2 /* AppDelegate.swift in Sources */ = {isa = PBXBuildFile; fileRef = F96883031D1DAF66008C23C2 /* AppDelegate.swift */; };
		F96883061D1DAF66008C23C2 /* ViewController.swift in Sources */ = {isa = PBXBuildFile; fileRef = F96883051D1DAF66008C23C2 /* ViewController.swift */; };
		F96883091D1DAF66008C23C2 /* Main.storyboard in Resources */ = {isa = PBXBuildFile; fileRef = F96883071D1DAF66008C23C2 /* Main.storyboard */; };
		F968830C1D1DAF66008C23C2 /* UIFrameworkTests.xcdatamodeld in Sources */ = {isa = PBXBuildFile; fileRef = F968830A1D1DAF66008C23C2 /* UIFrameworkTests.xcdatamodeld */; };
		F968830E1D1DAF66008C23C2 /* Assets.xcassets in Resources */ = {isa = PBXBuildFile; fileRef = F968830D1D1DAF66008C23C2 /* Assets.xcassets */; };
		F96883111D1DAF66008C23C2 /* LaunchScreen.storyboard in Resources */ = {isa = PBXBuildFile; fileRef = F968830F1D1DAF66008C23C2 /* LaunchScreen.storyboard */; };
		F968831C1D1DAF66008C23C2 /* UIFrameworkTestsTests.swift in Sources */ = {isa = PBXBuildFile; fileRef = F968831B1D1DAF66008C23C2 /* UIFrameworkTestsTests.swift */; };
		F96883271D1DAF66008C23C2 /* UIFrameworkTestsUITests.swift in Sources */ = {isa = PBXBuildFile; fileRef = F96883261D1DAF66008C23C2 /* UIFrameworkTestsUITests.swift */; };
		F96883351D1DAF93008C23C2 /* TestCollectionViewController.swift in Sources */ = {isa = PBXBuildFile; fileRef = F96883341D1DAF93008C23C2 /* TestCollectionViewController.swift */; };
/* End PBXBuildFile section */

/* Begin PBXContainerItemProxy section */
		F96883181D1DAF66008C23C2 /* PBXContainerItemProxy */ = {
			isa = PBXContainerItemProxy;
			containerPortal = F96882F81D1DAF66008C23C2 /* Project object */;
			proxyType = 1;
			remoteGlobalIDString = F96882FF1D1DAF66008C23C2;
			remoteInfo = UIFrameworkTests;
		};
		F96883231D1DAF66008C23C2 /* PBXContainerItemProxy */ = {
			isa = PBXContainerItemProxy;
			containerPortal = F96882F81D1DAF66008C23C2 /* Project object */;
			proxyType = 1;
			remoteGlobalIDString = F96882FF1D1DAF66008C23C2;
			remoteInfo = UIFrameworkTests;
		};
/* End PBXContainerItemProxy section */

/* Begin PBXFileReference section */
		F96883001D1DAF66008C23C2 /* UIFrameworkTests.app */ = {isa = PBXFileReference; explicitFileType = wrapper.application; includeInIndex = 0; path = UIFrameworkTests.app; sourceTree = BUILT_PRODUCTS_DIR; };
		F96883031D1DAF66008C23C2 /* AppDelegate.swift */ = {isa = PBXFileReference; lastKnownFileType = sourcecode.swift; path = AppDelegate.swift; sourceTree = "<group>"; };
		F96883051D1DAF66008C23C2 /* ViewController.swift */ = {isa = PBXFileReference; lastKnownFileType = sourcecode.swift; path = ViewController.swift; sourceTree = "<group>"; };
		F96883081D1DAF66008C23C2 /* Base */ = {isa = PBXFileReference; lastKnownFileType = file.storyboard; name = Base; path = Base.lproj/Main.storyboard; sourceTree = "<group>"; };
		F968830B1D1DAF66008C23C2 /* UIFrameworkTests.xcdatamodel */ = {isa = PBXFileReference; lastKnownFileType = wrapper.xcdatamodel; path = UIFrameworkTests.xcdatamodel; sourceTree = "<group>"; };
		F968830D1D1DAF66008C23C2 /* Assets.xcassets */ = {isa = PBXFileReference; lastKnownFileType = folder.assetcatalog; path = Assets.xcassets; sourceTree = "<group>"; };
		F96883101D1DAF66008C23C2 /* Base */ = {isa = PBXFileReference; lastKnownFileType = file.storyboard; name = Base; path = Base.lproj/LaunchScreen.storyboard; sourceTree = "<group>"; };
		F96883121D1DAF66008C23C2 /* Info.plist */ = {isa = PBXFileReference; lastKnownFileType = text.plist.xml; path = Info.plist; sourceTree = "<group>"; };
		F96883171D1DAF66008C23C2 /* UIFrameworkTestsTests.xctest */ = {isa = PBXFileReference; explicitFileType = wrapper.cfbundle; includeInIndex = 0; path = UIFrameworkTestsTests.xctest; sourceTree = BUILT_PRODUCTS_DIR; };
		F968831B1D1DAF66008C23C2 /* UIFrameworkTestsTests.swift */ = {isa = PBXFileReference; lastKnownFileType = sourcecode.swift; path = UIFrameworkTestsTests.swift; sourceTree = "<group>"; };
		F968831D1D1DAF66008C23C2 /* Info.plist */ = {isa = PBXFileReference; lastKnownFileType = text.plist.xml; path = Info.plist; sourceTree = "<group>"; };
		F96883221D1DAF66008C23C2 /* UIFrameworkTestsUITests.xctest */ = {isa = PBXFileReference; explicitFileType = wrapper.cfbundle; includeInIndex = 0; path = UIFrameworkTestsUITests.xctest; sourceTree = BUILT_PRODUCTS_DIR; };
		F96883261D1DAF66008C23C2 /* UIFrameworkTestsUITests.swift */ = {isa = PBXFileReference; lastKnownFileType = sourcecode.swift; path = UIFrameworkTestsUITests.swift; sourceTree = "<group>"; };
		F96883281D1DAF66008C23C2 /* Info.plist */ = {isa = PBXFileReference; lastKnownFileType = text.plist.xml; path = Info.plist; sourceTree = "<group>"; };
		F96883341D1DAF93008C23C2 /* TestCollectionViewController.swift */ = {isa = PBXFileReference; fileEncoding = 4; lastKnownFileType = sourcecode.swift; path = TestCollectionViewController.swift; sourceTree = "<group>"; };
/* End PBXFileReference section */

/* Begin PBXFrameworksBuildPhase section */
		F96882FD1D1DAF66008C23C2 /* Frameworks */ = {
			isa = PBXFrameworksBuildPhase;
			buildActionMask = 2147483647;
			files = (
			);
			runOnlyForDeploymentPostprocessing = 0;
		};
		F96883141D1DAF66008C23C2 /* Frameworks */ = {
			isa = PBXFrameworksBuildPhase;
			buildActionMask = 2147483647;
			files = (
			);
			runOnlyForDeploymentPostprocessing = 0;
		};
		F968831F1D1DAF66008C23C2 /* Frameworks */ = {
			isa = PBXFrameworksBuildPhase;
			buildActionMask = 2147483647;
			files = (
			);
			runOnlyForDeploymentPostprocessing = 0;
		};
/* End PBXFrameworksBuildPhase section */

/* Begin PBXGroup section */
		F96882F71D1DAF66008C23C2 = {
			isa = PBXGroup;
			children = (
				F96883021D1DAF66008C23C2 /* UIFrameworkTests */,
				F968831A1D1DAF66008C23C2 /* UIFrameworkTestsTests */,
				F96883251D1DAF66008C23C2 /* UIFrameworkTestsUITests */,
				F96883011D1DAF66008C23C2 /* Products */,
			);
			sourceTree = "<group>";
		};
		F96883011D1DAF66008C23C2 /* Products */ = {
			isa = PBXGroup;
			children = (
				F96883001D1DAF66008C23C2 /* UIFrameworkTests.app */,
				F96883171D1DAF66008C23C2 /* UIFrameworkTestsTests.xctest */,
				F96883221D1DAF66008C23C2 /* UIFrameworkTestsUITests.xctest */,
			);
			name = Products;
			sourceTree = "<group>";
		};
		F96883021D1DAF66008C23C2 /* UIFrameworkTests */ = {
			isa = PBXGroup;
			children = (
				F96883031D1DAF66008C23C2 /* AppDelegate.swift */,
				F96883051D1DAF66008C23C2 /* ViewController.swift */,
				F96883071D1DAF66008C23C2 /* Main.storyboard */,
				F96883341D1DAF93008C23C2 /* TestCollectionViewController.swift */,
				F968830D1D1DAF66008C23C2 /* Assets.xcassets */,
				F968830F1D1DAF66008C23C2 /* LaunchScreen.storyboard */,
				F96883121D1DAF66008C23C2 /* Info.plist */,
				F968830A1D1DAF66008C23C2 /* UIFrameworkTests.xcdatamodeld */,
			);
			path = UIFrameworkTests;
			sourceTree = "<group>";
		};
		F968831A1D1DAF66008C23C2 /* UIFrameworkTestsTests */ = {
			isa = PBXGroup;
			children = (
				F968831B1D1DAF66008C23C2 /* UIFrameworkTestsTests.swift */,
				F968831D1D1DAF66008C23C2 /* Info.plist */,
			);
			path = UIFrameworkTestsTests;
			sourceTree = "<group>";
		};
		F96883251D1DAF66008C23C2 /* UIFrameworkTestsUITests */ = {
			isa = PBXGroup;
			children = (
				F96883261D1DAF66008C23C2 /* UIFrameworkTestsUITests.swift */,
				F96883281D1DAF66008C23C2 /* Info.plist */,
			);
			path = UIFrameworkTestsUITests;
			sourceTree = "<group>";
		};
/* End PBXGroup section */

/* Begin PBXNativeTarget section */
		F96882FF1D1DAF66008C23C2 /* UIFrameworkTests */ = {
			isa = PBXNativeTarget;
			buildConfigurationList = F968832B1D1DAF66008C23C2 /* Build configuration list for PBXNativeTarget "UIFrameworkTests" */;
			buildPhases = (
				F96882FC1D1DAF66008C23C2 /* Sources */,
				F96882FD1D1DAF66008C23C2 /* Frameworks */,
				F96882FE1D1DAF66008C23C2 /* Resources */,
			);
			buildRules = (
			);
			dependencies = (
			);
			name = UIFrameworkTests;
			productName = UIFrameworkTests;
			productReference = F96883001D1DAF66008C23C2 /* UIFrameworkTests.app */;
			productType = "com.apple.product-type.application";
		};
		F96883161D1DAF66008C23C2 /* UIFrameworkTestsTests */ = {
			isa = PBXNativeTarget;
			buildConfigurationList = F968832E1D1DAF66008C23C2 /* Build configuration list for PBXNativeTarget "UIFrameworkTestsTests" */;
			buildPhases = (
				F96883131D1DAF66008C23C2 /* Sources */,
				F96883141D1DAF66008C23C2 /* Frameworks */,
				F96883151D1DAF66008C23C2 /* Resources */,
			);
			buildRules = (
			);
			dependencies = (
				F96883191D1DAF66008C23C2 /* PBXTargetDependency */,
			);
			name = UIFrameworkTestsTests;
			productName = UIFrameworkTestsTests;
			productReference = F96883171D1DAF66008C23C2 /* UIFrameworkTestsTests.xctest */;
			productType = "com.apple.product-type.bundle.unit-test";
		};
		F96883211D1DAF66008C23C2 /* UIFrameworkTestsUITests */ = {
			isa = PBXNativeTarget;
			buildConfigurationList = F96883311D1DAF66008C23C2 /* Build configuration list for PBXNativeTarget "UIFrameworkTestsUITests" */;
			buildPhases = (
				F968831E1D1DAF66008C23C2 /* Sources */,
				F968831F1D1DAF66008C23C2 /* Frameworks */,
				F96883201D1DAF66008C23C2 /* Resources */,
			);
			buildRules = (
			);
			dependencies = (
				F96883241D1DAF66008C23C2 /* PBXTargetDependency */,
			);
			name = UIFrameworkTestsUITests;
			productName = UIFrameworkTestsUITests;
			productReference = F96883221D1DAF66008C23C2 /* UIFrameworkTestsUITests.xctest */;
			productType = "com.apple.product-type.bundle.ui-testing";
		};
/* End PBXNativeTarget section */

/* Begin PBXProject section */
		F96882F81D1DAF66008C23C2 /* Project object */ = {
			isa = PBXProject;
			attributes = {
				LastSwiftUpdateCheck = 0730;
				LastUpgradeCheck = 0730;
				ORGANIZATIONNAME = "Kevin Zeckser";
				TargetAttributes = {
					F96882FF1D1DAF66008C23C2 = {
						CreatedOnToolsVersion = 7.3.1;
					};
					F96883161D1DAF66008C23C2 = {
						CreatedOnToolsVersion = 7.3.1;
						TestTargetID = F96882FF1D1DAF66008C23C2;
					};
					F96883211D1DAF66008C23C2 = {
						CreatedOnToolsVersion = 7.3.1;
						TestTargetID = F96882FF1D1DAF66008C23C2;
					};
				};
			};
			buildConfigurationList = F96882FB1D1DAF66008C23C2 /* Build configuration list for PBXProject "UIFrameworkTests" */;
			compatibilityVersion = "Xcode 3.2";
			developmentRegion = English;
			hasScannedForEncodings = 0;
			knownRegions = (
				en,
				Base,
			);
			mainGroup = F96882F71D1DAF66008C23C2;
			productRefGroup = F96883011D1DAF66008C23C2 /* Products */;
			projectDirPath = "";
			projectRoot = "";
			targets = (
				F96882FF1D1DAF66008C23C2 /* UIFrameworkTests */,
				F96883161D1DAF66008C23C2 /* UIFrameworkTestsTests */,
				F96883211D1DAF66008C23C2 /* UIFrameworkTestsUITests */,
			);
		};
/* End PBXProject section */

/* Begin PBXResourcesBuildPhase section */
		F96882FE1D1DAF66008C23C2 /* Resources */ = {
			isa = PBXResourcesBuildPhase;
			buildActionMask = 2147483647;
			files = (
				F96883111D1DAF66008C23C2 /* LaunchScreen.storyboard in Resources */,
				F968830E1D1DAF66008C23C2 /* Assets.xcassets in Resources */,
				F96883091D1DAF66008C23C2 /* Main.storyboard in Resources */,
			);
			runOnlyForDeploymentPostprocessing = 0;
		};
		F96883151D1DAF66008C23C2 /* Resources */ = {
			isa = PBXResourcesBuildPhase;
			buildActionMask = 2147483647;
			files = (
			);
			runOnlyForDeploymentPostprocessing = 0;
		};
		F96883201D1DAF66008C23C2 /* Resources */ = {
			isa = PBXResourcesBuildPhase;
			buildActionMask = 2147483647;
			files = (
			);
			runOnlyForDeploymentPostprocessing = 0;
		};
/* End PBXResourcesBuildPhase section */

/* Begin PBXSourcesBuildPhase section */
		F96882FC1D1DAF66008C23C2 /* Sources */ = {
			isa = PBXSourcesBuildPhase;
			buildActionMask = 2147483647;
			files = (
				F96883351D1DAF93008C23C2 /* TestCollectionViewController.swift in Sources */,
				F96883061D1DAF66008C23C2 /* ViewController.swift in Sources */,
				F968830C1D1DAF66008C23C2 /* UIFrameworkTests.xcdatamodeld in Sources */,
				F96883041D1DAF66008C23C2 /* AppDelegate.swift in Sources */,
			);
			runOnlyForDeploymentPostprocessing = 0;
		};
		F96883131D1DAF66008C23C2 /* Sources */ = {
			isa = PBXSourcesBuildPhase;
			buildActionMask = 2147483647;
			files = (
				F968831C1D1DAF66008C23C2 /* UIFrameworkTestsTests.swift in Sources */,
			);
			runOnlyForDeploymentPostprocessing = 0;
		};
		F968831E1D1DAF66008C23C2 /* Sources */ = {
			isa = PBXSourcesBuildPhase;
			buildActionMask = 2147483647;
			files = (
				F96883271D1DAF66008C23C2 /* UIFrameworkTestsUITests.swift in Sources */,
			);
			runOnlyForDeploymentPostprocessing = 0;
		};
/* End PBXSourcesBuildPhase section */

/* Begin PBXTargetDependency section */
		F96883191D1DAF66008C23C2 /* PBXTargetDependency */ = {
			isa = PBXTargetDependency;
			target = F96882FF1D1DAF66008C23C2 /* UIFrameworkTests */;
			targetProxy = F96883181D1DAF66008C23C2 /* PBXContainerItemProxy */;
		};
		F96883241D1DAF66008C23C2 /* PBXTargetDependency */ = {
			isa = PBXTargetDependency;
			target = F96882FF1D1DAF66008C23C2 /* UIFrameworkTests */;
			targetProxy = F96883231D1DAF66008C23C2 /* PBXContainerItemProxy */;
		};
/* End PBXTargetDependency section */

/* Begin PBXVariantGroup section */
		F96883071D1DAF66008C23C2 /* Main.storyboard */ = {
			isa = PBXVariantGroup;
			children = (
				F96883081D1DAF66008C23C2 /* Base */,
			);
			name = Main.storyboard;
			sourceTree = "<group>";
		};
		F968830F1D1DAF66008C23C2 /* LaunchScreen.storyboard */ = {
			isa = PBXVariantGroup;
			children = (
				F96883101D1DAF66008C23C2 /* Base */,
			);
			name = LaunchScreen.storyboard;
			sourceTree = "<group>";
		};
/* End PBXVariantGroup section */

/* Begin XCBuildConfiguration section */
		F96883291D1DAF66008C23C2 /* Debug */ = {
			isa = XCBuildConfiguration;
			buildSettings = {
				ALWAYS_SEARCH_USER_PATHS = NO;
				CLANG_ANALYZER_NONNULL = YES;
				CLANG_CXX_LANGUAGE_STANDARD = "gnu++0x";
				CLANG_CXX_LIBRARY = "libc++";
				CLANG_ENABLE_MODULES = YES;
				CLANG_ENABLE_OBJC_ARC = YES;
				CLANG_WARN_BOOL_CONVERSION = YES;
				CLANG_WARN_CONSTANT_CONVERSION = YES;
				CLANG_WARN_DIRECT_OBJC_ISA_USAGE = YES_ERROR;
				CLANG_WARN_EMPTY_BODY = YES;
				CLANG_WARN_ENUM_CONVERSION = YES;
				CLANG_WARN_INT_CONVERSION = YES;
				CLANG_WARN_OBJC_ROOT_CLASS = YES_ERROR;
				CLANG_WARN_UNREACHABLE_CODE = YES;
				CLANG_WARN__DUPLICATE_METHOD_MATCH = YES;
				"CODE_SIGN_IDENTITY[sdk=iphoneos*]" = "iPhone Developer";
				COPY_PHASE_STRIP = NO;
				DEBUG_INFORMATION_FORMAT = dwarf;
				ENABLE_STRICT_OBJC_MSGSEND = YES;
				ENABLE_TESTABILITY = YES;
				GCC_C_LANGUAGE_STANDARD = gnu99;
				GCC_DYNAMIC_NO_PIC = NO;
				GCC_NO_COMMON_BLOCKS = YES;
				GCC_OPTIMIZATION_LEVEL = 0;
				GCC_PREPROCESSOR_DEFINITIONS = (
					"DEBUG=1",
					"$(inherited)",
				);
				GCC_WARN_64_TO_32_BIT_CONVERSION = YES;
				GCC_WARN_ABOUT_RETURN_TYPE = YES_ERROR;
				GCC_WARN_UNDECLARED_SELECTOR = YES;
				GCC_WARN_UNINITIALIZED_AUTOS = YES_AGGRESSIVE;
				GCC_WARN_UNUSED_FUNCTION = YES;
				GCC_WARN_UNUSED_VARIABLE = YES;
				IPHONEOS_DEPLOYMENT_TARGET = 9.3;
				MTL_ENABLE_DEBUG_INFO = YES;
				ONLY_ACTIVE_ARCH = YES;
				SDKROOT = iphoneos;
				SWIFT_OPTIMIZATION_LEVEL = "-Onone";
				TARGETED_DEVICE_FAMILY = "1,2";
			};
			name = Debug;
		};
		F968832A1D1DAF66008C23C2 /* Release */ = {
			isa = XCBuildConfiguration;
			buildSettings = {
				ALWAYS_SEARCH_USER_PATHS = NO;
				CLANG_ANALYZER_NONNULL = YES;
				CLANG_CXX_LANGUAGE_STANDARD = "gnu++0x";
				CLANG_CXX_LIBRARY = "libc++";
				CLANG_ENABLE_MODULES = YES;
				CLANG_ENABLE_OBJC_ARC = YES;
				CLANG_WARN_BOOL_CONVERSION = YES;
				CLANG_WARN_CONSTANT_CONVERSION = YES;
				CLANG_WARN_DIRECT_OBJC_ISA_USAGE = YES_ERROR;
				CLANG_WARN_EMPTY_BODY = YES;
				CLANG_WARN_ENUM_CONVERSION = YES;
				CLANG_WARN_INT_CONVERSION = YES;
				CLANG_WARN_OBJC_ROOT_CLASS = YES_ERROR;
				CLANG_WARN_UNREACHABLE_CODE = YES;
				CLANG_WARN__DUPLICATE_METHOD_MATCH = YES;
				"CODE_SIGN_IDENTITY[sdk=iphoneos*]" = "iPhone Developer";
				COPY_PHASE_STRIP = NO;
				DEBUG_INFORMATION_FORMAT = "dwarf-with-dsym";
				ENABLE_NS_ASSERTIONS = NO;
				ENABLE_STRICT_OBJC_MSGSEND = YES;
				GCC_C_LANGUAGE_STANDARD = gnu99;
				GCC_NO_COMMON_BLOCKS = YES;
				GCC_WARN_64_TO_32_BIT_CONVERSION = YES;
				GCC_WARN_ABOUT_RETURN_TYPE = YES_ERROR;
				GCC_WARN_UNDECLARED_SELECTOR = YES;
				GCC_WARN_UNINITIALIZED_AUTOS = YES_AGGRESSIVE;
				GCC_WARN_UNUSED_FUNCTION = YES;
				GCC_WARN_UNUSED_VARIABLE = YES;
				IPHONEOS_DEPLOYMENT_TARGET = 9.3;
				MTL_ENABLE_DEBUG_INFO = NO;
				SDKROOT = iphoneos;
				TARGETED_DEVICE_FAMILY = "1,2";
				VALIDATE_PRODUCT = YES;
			};
			name = Release;
		};
		F968832C1D1DAF66008C23C2 /* Debug */ = {
			isa = XCBuildConfiguration;
			buildSettings = {
				ASSETCATALOG_COMPILER_APPICON_NAME = AppIcon;
				INFOPLIST_FILE = UIFrameworkTests/Info.plist;
				LD_RUNPATH_SEARCH_PATHS = "$(inherited) @executable_path/Frameworks";
				PRODUCT_BUNDLE_IDENTIFIER = kzprojects.UIFrameworkTests;
				PRODUCT_NAME = "$(TARGET_NAME)";
			};
			name = Debug;
		};
		F968832D1D1DAF66008C23C2 /* Release */ = {
			isa = XCBuildConfiguration;
			buildSettings = {
				ASSETCATALOG_COMPILER_APPICON_NAME = AppIcon;
				INFOPLIST_FILE = UIFrameworkTests/Info.plist;
				LD_RUNPATH_SEARCH_PATHS = "$(inherited) @executable_path/Frameworks";
				PRODUCT_BUNDLE_IDENTIFIER = kzprojects.UIFrameworkTests;
				PRODUCT_NAME = "$(TARGET_NAME)";
			};
			name = Release;
		};
		F968832F1D1DAF66008C23C2 /* Debug */ = {
			isa = XCBuildConfiguration;
			buildSettings = {
				BUNDLE_LOADER = "$(TEST_HOST)";
				INFOPLIST_FILE = UIFrameworkTestsTests/Info.plist;
				LD_RUNPATH_SEARCH_PATHS = "$(inherited) @executable_path/Frameworks @loader_path/Frameworks";
				PRODUCT_BUNDLE_IDENTIFIER = kzprojects.UIFrameworkTestsTests;
				PRODUCT_NAME = "$(TARGET_NAME)";
				TEST_HOST = "$(BUILT_PRODUCTS_DIR)/UIFrameworkTests.app/UIFrameworkTests";
			};
			name = Debug;
		};
		F96883301D1DAF66008C23C2 /* Release */ = {
			isa = XCBuildConfiguration;
			buildSettings = {
				BUNDLE_LOADER = "$(TEST_HOST)";
				INFOPLIST_FILE = UIFrameworkTestsTests/Info.plist;
				LD_RUNPATH_SEARCH_PATHS = "$(inherited) @executable_path/Frameworks @loader_path/Frameworks";
				PRODUCT_BUNDLE_IDENTIFIER = kzprojects.UIFrameworkTestsTests;
				PRODUCT_NAME = "$(TARGET_NAME)";
				TEST_HOST = "$(BUILT_PRODUCTS_DIR)/UIFrameworkTests.app/UIFrameworkTests";
			};
			name = Release;
		};
		F96883321D1DAF66008C23C2 /* Debug */ = {
			isa = XCBuildConfiguration;
			buildSettings = {
				INFOPLIST_FILE = UIFrameworkTestsUITests/Info.plist;
				LD_RUNPATH_SEARCH_PATHS = "$(inherited) @executable_path/Frameworks @loader_path/Frameworks";
				PRODUCT_BUNDLE_IDENTIFIER = kzprojects.UIFrameworkTestsUITests;
				PRODUCT_NAME = "$(TARGET_NAME)";
				TEST_TARGET_NAME = UIFrameworkTests;
			};
			name = Debug;
		};
		F96883331D1DAF66008C23C2 /* Release */ = {
			isa = XCBuildConfiguration;
			buildSettings = {
				INFOPLIST_FILE = UIFrameworkTestsUITests/Info.plist;
				LD_RUNPATH_SEARCH_PATHS = "$(inherited) @executable_path/Frameworks @loader_path/Frameworks";
				PRODUCT_BUNDLE_IDENTIFIER = kzprojects.UIFrameworkTestsUITests;
				PRODUCT_NAME = "$(TARGET_NAME)";
				TEST_TARGET_NAME = UIFrameworkTests;
			};
			name = Release;
		};
/* End XCBuildConfiguration section */

/* Begin XCConfigurationList section */
		F96882FB1D1DAF66008C23C2 /* Build configuration list for PBXProject "UIFrameworkTests" */ = {
			isa = XCConfigurationList;
			buildConfigurations = (
				F96883291D1DAF66008C23C2 /* Debug */,
				F968832A1D1DAF66008C23C2 /* Release */,
			);
			defaultConfigurationIsVisible = 0;
			defaultConfigurationName = Release;
		};
		F968832B1D1DAF66008C23C2 /* Build configuration list for PBXNativeTarget "UIFrameworkTests" */ = {
			isa = XCConfigurationList;
			buildConfigurations = (
				F968832C1D1DAF66008C23C2 /* Debug */,
				F968832D1D1DAF66008C23C2 /* Release */,
			);
			defaultConfigurationIsVisible = 0;
		};
		F968832E1D1DAF66008C23C2 /* Build configuration list for PBXNativeTarget "UIFrameworkTestsTests" */ = {
			isa = XCConfigurationList;
			buildConfigurations = (
				F968832F1D1DAF66008C23C2 /* Debug */,
				F96883301D1DAF66008C23C2 /* Release */,
			);
			defaultConfigurationIsVisible = 0;
		};
		F96883311D1DAF66008C23C2 /* Build configuration list for PBXNativeTarget "UIFrameworkTestsUITests" */ = {
			isa = XCConfigurationList;
			buildConfigurations = (
				F96883321D1DAF66008C23C2 /* Debug */,
				F96883331D1DAF66008C23C2 /* Release */,
			);
			defaultConfigurationIsVisible = 0;
		};
/* End XCConfigurationList section */

/* Begin XCVersionGroup section */
		F968830A1D1DAF66008C23C2 /* UIFrameworkTests.xcdatamodeld */ = {
			isa = XCVersionGroup;
			children = (
				F968830B1D1DAF66008C23C2 /* UIFrameworkTests.xcdatamodel */,
			);
			currentVersion = F968830B1D1DAF66008C23C2 /* UIFrameworkTests.xcdatamodel */;
			path = UIFrameworkTests.xcdatamodeld;
			sourceTree = "<group>";
			versionGroupType = wrapper.xcdatamodel;
		};
/* End XCVersionGroup section */
	};
	rootObject = F96882F81D1DAF66008C23C2 /* Project object */;
}
